
Microsoft Visual Studio Solution File, Format Version 12.00
# Visual Studio Version 17
VisualStudioVersion = 17.11.35312.102
MinimumVisualStudioVersion = 10.0.40219.1
Project("{9A19103F-16F7-4668-BE54-9A1E7A4F7556}") = "Laboratoria1", "Laboratoria1\Laboratoria1.csproj", "{F2CBE228-ABF9-4199-805F-B687F389A211}"
EndProject
Project("{2150E333-8FDC-42A3-9474-1A3956D46DE8}") = "Lab2", "Lab2", "{059DE678-36B3-4E0A-B9AA-C4D6600E9E3A}"
EndProject
Project("{FAE04EC0-301F-11D3-BF4B-00C04F79EFBC}") = "Laboratorium 2", "Laboratorium 2\Laboratorium 2.csproj", "{0C6178D8-1AD9-4CBC-B997-0907FD310563}"
EndProject
Global
	GlobalSection(SolutionConfigurationPlatforms) = preSolution
		Debug|Any CPU = Debug|Any CPU
		Release|Any CPU = Release|Any CPU
	EndGlobalSection
	GlobalSection(ProjectConfigurationPlatforms) = postSolution
		{F2CBE228-ABF9-4199-805F-B687F389A211}.Debug|Any CPU.ActiveCfg = Debug|Any CPU
		{F2CBE228-ABF9-4199-805F-B687F389A211}.Debug|Any CPU.Build.0 = Debug|Any CPU
		{F2CBE228-ABF9-4199-805F-B687F389A211}.Release|Any CPU.ActiveCfg = Release|Any CPU
		{F2CBE228-ABF9-4199-805F-B687F389A211}.Release|Any CPU.Build.0 = Release|Any CPU
		{0C6178D8-1AD9-4CBC-B997-0907FD310563}.Debug|Any CPU.ActiveCfg = Debug|Any CPU
		{0C6178D8-1AD9-4CBC-B997-0907FD310563}.Debug|Any CPU.Build.0 = Debug|Any CPU
		{0C6178D8-1AD9-4CBC-B997-0907FD310563}.Release|Any CPU.ActiveCfg = Release|Any CPU
		{0C6178D8-1AD9-4CBC-B997-0907FD310563}.Release|Any CPU.Build.0 = Release|Any CPU
	EndGlobalSection
	GlobalSection(SolutionProperties) = preSolution
		HideSolutionNode = FALSE
	EndGlobalSection
	GlobalSection(NestedProjects) = preSolution
		{0C6178D8-1AD9-4CBC-B997-0907FD310563} = {059DE678-36B3-4E0A-B9AA-C4D6600E9E3A}
	EndGlobalSection
	GlobalSection(ExtensibilityGlobals) = postSolution
		SolutionGuid = {D05D364F-DE48-42FE-8ED7-A8778D9C908E}
	EndGlobalSection
EndGlobal
